--- 
dependencies: 
  rake: 
    group: 
    - :default
    version: ">= 0"
  haml: 
    group: 
    - :default
    version: ">= 0"
  rspec: 
    group: 
    - :test
    version: ">= 0"
  weekdays: 
    group: 
    - :default
    version: ">= 0"
  rcov: 
    group: 
    - :test
    version: ">= 0"
  sinatra: 
    group: 
    - :default
    version: ">= 0"
  bundler: 
    group: 
    - :default
    version: = 0.9.26
  rack-test: 
    group: 
    - :test
    version: ">= 0"
  activesupport: 
    group: 
    - :default
    version: ">= 0"
specs: 
- rake: 
    version: 0.8.7
- activesupport: 
    version: 2.3.8
- bundler: 
    version: 0.9.26
- haml: 
    version: 3.0.13
- rack: 
    version: 1.2.1
- rack-test: 
    version: 0.5.4
- rcov: 
    version: 0.9.8
- rspec: 
    version: 1.3.0
- sinatra: 
    version: "1.0"
- weekdays: 
    version: "1.0"
hash: 4149a8ceedd66b697545c1aa3394c11dc30c9250
sources: 
- Rubygems: 
    uri: http://gemcutter.org
